
Microsoft Visual Studio Solution File, Format Version 12.00
# Visual Studio 2013
VisualStudioVersion = 12.0.30501.0
MinimumVisualStudioVersion = 10.0.40219.1
Project("{FAE04EC0-301F-11D3-BF4B-00C04F79EFBC}") = "Easy.CMS.Web", "Easy.CMS.Web\Easy.CMS.Web.csproj", "{C2DCE03D-6FA4-4461-B5E3-761D7B0C1B0A}"
EndProject
Project("{2150E333-8FDC-42A3-9474-1A3956D46DE8}") = "Modules", "Modules", "{C25E055D-DBB5-4B7D-863C-40B12712B0CE}"
EndProject
Project("{2150E333-8FDC-42A3-9474-1A3956D46DE8}") = "FrameWork", "FrameWork", "{63653A41-AD32-4004-8934-D02BFAB493FE}"
EndProject
Project("{FAE04EC0-301F-11D3-BF4B-00C04F79EFBC}") = "Easy", "..\..\MyFrameWork\EasyFrameWork\EasyFrameWork\Easy.csproj", "{EDB1BAA7-EC61-4292-BBE5-3BC39EB171E4}"
EndProject
Project("{FAE04EC0-301F-11D3-BF4B-00C04F79EFBC}") = "Easy.Web", "..\..\MyFrameWork\EasyFrameWork\EasyFrameWork.Web\Easy.Web.csproj", "{A1228125-F5C4-4001-AC7D-1ACCF1679828}"
EndProject
Project("{FAE04EC0-301F-11D3-BF4B-00C04F79EFBC}") = "Easy.CMS.News", "Easy.CMS.Web\Modules\Easy.CMS.News\Easy.CMS.News.csproj", "{14E79FF7-4DBA-47A7-9BED-1D775FA93E43}"
EndProject
Project("{FAE04EC0-301F-11D3-BF4B-00C04F79EFBC}") = "Easy.CMS.Page", "Easy.CMS.Web\Modules\Easy.CMS.Page\Easy.CMS.Page.csproj", "{9A7A4817-0A3D-4025-8E19-9E806E8389AE}"
EndProject
Project("{FAE04EC0-301F-11D3-BF4B-00C04F79EFBC}") = "Easy.CMS.Product", "Easy.CMS.Web\Modules\Easy.CMS.Product\Easy.CMS.Product.csproj", "{A333A4DA-7A52-4E32-B7CA-6ADC1990B09E}"
EndProject
Project("{FAE04EC0-301F-11D3-BF4B-00C04F79EFBC}") = "Easy.CMS", "..\..\MyFrameWork\EasyFrameWork\EasyFrameWork.CMS\Easy.CMS.csproj", "{2E8362AE-80D6-43E0-B3BF-CAB6D888D154}"
EndProject
Global
	GlobalSection(SolutionConfigurationPlatforms) = preSolution
		Debug|Any CPU = Debug|Any CPU
		Release|Any CPU = Release|Any CPU
	EndGlobalSection
	GlobalSection(ProjectConfigurationPlatforms) = postSolution
		{C2DCE03D-6FA4-4461-B5E3-761D7B0C1B0A}.Debug|Any CPU.ActiveCfg = Debug|Any CPU
		{C2DCE03D-6FA4-4461-B5E3-761D7B0C1B0A}.Debug|Any CPU.Build.0 = Debug|Any CPU
		{C2DCE03D-6FA4-4461-B5E3-761D7B0C1B0A}.Release|Any CPU.ActiveCfg = Release|Any CPU
		{C2DCE03D-6FA4-4461-B5E3-761D7B0C1B0A}.Release|Any CPU.Build.0 = Release|Any CPU
		{EDB1BAA7-EC61-4292-BBE5-3BC39EB171E4}.Debug|Any CPU.ActiveCfg = Debug|Any CPU
		{EDB1BAA7-EC61-4292-BBE5-3BC39EB171E4}.Debug|Any CPU.Build.0 = Debug|Any CPU
		{EDB1BAA7-EC61-4292-BBE5-3BC39EB171E4}.Release|Any CPU.ActiveCfg = Release|Any CPU
		{EDB1BAA7-EC61-4292-BBE5-3BC39EB171E4}.Release|Any CPU.Build.0 = Release|Any CPU
		{A1228125-F5C4-4001-AC7D-1ACCF1679828}.Debug|Any CPU.ActiveCfg = Debug|Any CPU
		{A1228125-F5C4-4001-AC7D-1ACCF1679828}.Debug|Any CPU.Build.0 = Debug|Any CPU
		{A1228125-F5C4-4001-AC7D-1ACCF1679828}.Release|Any CPU.ActiveCfg = Release|Any CPU
		{A1228125-F5C4-4001-AC7D-1ACCF1679828}.Release|Any CPU.Build.0 = Release|Any CPU
		{14E79FF7-4DBA-47A7-9BED-1D775FA93E43}.Debug|Any CPU.ActiveCfg = Debug|Any CPU
		{14E79FF7-4DBA-47A7-9BED-1D775FA93E43}.Debug|Any CPU.Build.0 = Debug|Any CPU
		{14E79FF7-4DBA-47A7-9BED-1D775FA93E43}.Release|Any CPU.ActiveCfg = Release|Any CPU
		{14E79FF7-4DBA-47A7-9BED-1D775FA93E43}.Release|Any CPU.Build.0 = Release|Any CPU
		{9A7A4817-0A3D-4025-8E19-9E806E8389AE}.Debug|Any CPU.ActiveCfg = Debug|Any CPU
		{9A7A4817-0A3D-4025-8E19-9E806E8389AE}.Debug|Any CPU.Build.0 = Debug|Any CPU
		{9A7A4817-0A3D-4025-8E19-9E806E8389AE}.Release|Any CPU.ActiveCfg = Release|Any CPU
		{9A7A4817-0A3D-4025-8E19-9E806E8389AE}.Release|Any CPU.Build.0 = Release|Any CPU
		{A333A4DA-7A52-4E32-B7CA-6ADC1990B09E}.Debug|Any CPU.ActiveCfg = Debug|Any CPU
		{A333A4DA-7A52-4E32-B7CA-6ADC1990B09E}.Debug|Any CPU.Build.0 = Debug|Any CPU
		{A333A4DA-7A52-4E32-B7CA-6ADC1990B09E}.Release|Any CPU.ActiveCfg = Release|Any CPU
		{A333A4DA-7A52-4E32-B7CA-6ADC1990B09E}.Release|Any CPU.Build.0 = Release|Any CPU
		{2E8362AE-80D6-43E0-B3BF-CAB6D888D154}.Debug|Any CPU.ActiveCfg = Debug|Any CPU
		{2E8362AE-80D6-43E0-B3BF-CAB6D888D154}.Debug|Any CPU.Build.0 = Debug|Any CPU
		{2E8362AE-80D6-43E0-B3BF-CAB6D888D154}.Release|Any CPU.ActiveCfg = Release|Any CPU
		{2E8362AE-80D6-43E0-B3BF-CAB6D888D154}.Release|Any CPU.Build.0 = Release|Any CPU
	EndGlobalSection
	GlobalSection(SolutionProperties) = preSolution
		HideSolutionNode = FALSE
	EndGlobalSection
	GlobalSection(NestedProjects) = preSolution
		{EDB1BAA7-EC61-4292-BBE5-3BC39EB171E4} = {63653A41-AD32-4004-8934-D02BFAB493FE}
		{A1228125-F5C4-4001-AC7D-1ACCF1679828} = {63653A41-AD32-4004-8934-D02BFAB493FE}
		{14E79FF7-4DBA-47A7-9BED-1D775FA93E43} = {C25E055D-DBB5-4B7D-863C-40B12712B0CE}
		{9A7A4817-0A3D-4025-8E19-9E806E8389AE} = {C25E055D-DBB5-4B7D-863C-40B12712B0CE}
		{A333A4DA-7A52-4E32-B7CA-6ADC1990B09E} = {C25E055D-DBB5-4B7D-863C-40B12712B0CE}
		{2E8362AE-80D6-43E0-B3BF-CAB6D888D154} = {63653A41-AD32-4004-8934-D02BFAB493FE}
	EndGlobalSection
EndGlobal
