
Microsoft Visual Studio Solution File, Format Version 12.00
# Visual Studio 15
VisualStudioVersion = 15.0.26430.14
MinimumVisualStudioVersion = 10.0.40219.1
Project("{2150E333-8FDC-42A3-9474-1A3956D46DE8}") = "Modules", "Modules", "{C25E055D-DBB5-4B7D-863C-40B12712B0CE}"
EndProject
Project("{2150E333-8FDC-42A3-9474-1A3956D46DE8}") = "ZKEACMS.Core", "ZKEACMS.Core", "{63653A41-AD32-4004-8934-D02BFAB493FE}"
EndProject
Project("{FAE04EC0-301F-11D3-BF4B-00C04F79EFBC}") = "ZKEASOFT.CMS.Web", "Easy.CMS.Web\ZKEASOFT.CMS.Web.csproj", "{C2DCE03D-6FA4-4461-B5E3-761D7B0C1B0A}"
EndProject
Project("{FAE04EC0-301F-11D3-BF4B-00C04F79EFBC}") = "Easy.CMS.Product", "Easy.CMS.Web\Modules\Product\Easy.CMS.Product.csproj", "{A333A4DA-7A52-4E32-B7CA-6ADC1990B09E}"
EndProject
Project("{FAE04EC0-301F-11D3-BF4B-00C04F79EFBC}") = "Easy.CMS.Common", "Easy.CMS.Web\Modules\Common\Easy.CMS.Common.csproj", "{C4A0DA07-F772-4EAE-8F7E-768EF2D801A4}"
EndProject
Project("{FAE04EC0-301F-11D3-BF4B-00C04F79EFBC}") = "Easy.CMS.Article", "Easy.CMS.Web\Modules\Article\Easy.CMS.Article.csproj", "{14E79FF7-4DBA-47A7-9BED-1D775FA93E43}"
EndProject
Project("{FAE04EC0-301F-11D3-BF4B-00C04F79EFBC}") = "Easy.Web.CMS", "EasyFrameWork.CMS\Easy.Web.CMS.csproj", "{2E8362AE-80D6-43E0-B3BF-CAB6D888D154}"
EndProject
Project("{FAE04EC0-301F-11D3-BF4B-00C04F79EFBC}") = "Easy.CMS.Section", "Easy.CMS.Web\Modules\Section\Easy.CMS.Section.csproj", "{AE0623C5-EF7D-4BAC-9E9C-3E37E81A57D2}"
EndProject
Project("{FAE04EC0-301F-11D3-BF4B-00C04F79EFBC}") = "Easy.CMS.Breadcrumb", "Easy.CMS.Web\Modules\Breadcrumb\Easy.CMS.Breadcrumb.csproj", "{059B5837-2FB3-43B0-AB7F-470B44588009}"
EndProject
Project("{FAE04EC0-301F-11D3-BF4B-00C04F79EFBC}") = "Easy.CMS.Message", "Easy.CMS.Web\Modules\Message\Easy.CMS.Message.csproj", "{D1E0BEA0-D9BB-4330-9813-235FB8A447AF}"
EndProject
Project("{FAE04EC0-301F-11D3-BF4B-00C04F79EFBC}") = "Easy", "EasyFrameWork\Easy.csproj", "{EDB1BAA7-EC61-4292-BBE5-3BC39EB171E4}"
EndProject
Project("{FAE04EC0-301F-11D3-BF4B-00C04F79EFBC}") = "Easy.Web", "EasyFrameWork.Web\Easy.Web.csproj", "{A1228125-F5C4-4001-AC7D-1ACCF1679828}"
EndProject
Project("{FAE04EC0-301F-11D3-BF4B-00C04F79EFBC}") = "EasyZip", "EasyZip\EasyZip.csproj", "{02422207-726E-498A-8FAE-848C78BBBF97}"
EndProject
Project("{FAE04EC0-301F-11D3-BF4B-00C04F79EFBC}") = "LayoutsCompiler", "Easy.CMS.Web\Modules\LayoutEngine\LayoutsCompiler.csproj", "{19C1529D-2F17-4100-A0BF-C905C909B568}"
EndProject
Global
	GlobalSection(SolutionConfigurationPlatforms) = preSolution
		Debug|Any CPU = Debug|Any CPU
		Release|Any CPU = Release|Any CPU
	EndGlobalSection
	GlobalSection(ProjectConfigurationPlatforms) = postSolution
		{C2DCE03D-6FA4-4461-B5E3-761D7B0C1B0A}.Debug|Any CPU.ActiveCfg = Debug|Any CPU
		{C2DCE03D-6FA4-4461-B5E3-761D7B0C1B0A}.Debug|Any CPU.Build.0 = Debug|Any CPU
		{C2DCE03D-6FA4-4461-B5E3-761D7B0C1B0A}.Release|Any CPU.ActiveCfg = Release|Any CPU
		{C2DCE03D-6FA4-4461-B5E3-761D7B0C1B0A}.Release|Any CPU.Build.0 = Release|Any CPU
		{A333A4DA-7A52-4E32-B7CA-6ADC1990B09E}.Debug|Any CPU.ActiveCfg = Debug|Any CPU
		{A333A4DA-7A52-4E32-B7CA-6ADC1990B09E}.Debug|Any CPU.Build.0 = Debug|Any CPU
		{A333A4DA-7A52-4E32-B7CA-6ADC1990B09E}.Release|Any CPU.ActiveCfg = Release|Any CPU
		{A333A4DA-7A52-4E32-B7CA-6ADC1990B09E}.Release|Any CPU.Build.0 = Release|Any CPU
		{C4A0DA07-F772-4EAE-8F7E-768EF2D801A4}.Debug|Any CPU.ActiveCfg = Debug|Any CPU
		{C4A0DA07-F772-4EAE-8F7E-768EF2D801A4}.Debug|Any CPU.Build.0 = Debug|Any CPU
		{C4A0DA07-F772-4EAE-8F7E-768EF2D801A4}.Release|Any CPU.ActiveCfg = Release|Any CPU
		{C4A0DA07-F772-4EAE-8F7E-768EF2D801A4}.Release|Any CPU.Build.0 = Release|Any CPU
		{14E79FF7-4DBA-47A7-9BED-1D775FA93E43}.Debug|Any CPU.ActiveCfg = Debug|Any CPU
		{14E79FF7-4DBA-47A7-9BED-1D775FA93E43}.Debug|Any CPU.Build.0 = Debug|Any CPU
		{14E79FF7-4DBA-47A7-9BED-1D775FA93E43}.Release|Any CPU.ActiveCfg = Release|Any CPU
		{14E79FF7-4DBA-47A7-9BED-1D775FA93E43}.Release|Any CPU.Build.0 = Release|Any CPU
		{2E8362AE-80D6-43E0-B3BF-CAB6D888D154}.Debug|Any CPU.ActiveCfg = Debug|Any CPU
		{2E8362AE-80D6-43E0-B3BF-CAB6D888D154}.Debug|Any CPU.Build.0 = Debug|Any CPU
		{2E8362AE-80D6-43E0-B3BF-CAB6D888D154}.Release|Any CPU.ActiveCfg = Release|Any CPU
		{2E8362AE-80D6-43E0-B3BF-CAB6D888D154}.Release|Any CPU.Build.0 = Release|Any CPU
		{AE0623C5-EF7D-4BAC-9E9C-3E37E81A57D2}.Debug|Any CPU.ActiveCfg = Debug|Any CPU
		{AE0623C5-EF7D-4BAC-9E9C-3E37E81A57D2}.Debug|Any CPU.Build.0 = Debug|Any CPU
		{AE0623C5-EF7D-4BAC-9E9C-3E37E81A57D2}.Release|Any CPU.ActiveCfg = Release|Any CPU
		{AE0623C5-EF7D-4BAC-9E9C-3E37E81A57D2}.Release|Any CPU.Build.0 = Release|Any CPU
		{059B5837-2FB3-43B0-AB7F-470B44588009}.Debug|Any CPU.ActiveCfg = Debug|Any CPU
		{059B5837-2FB3-43B0-AB7F-470B44588009}.Debug|Any CPU.Build.0 = Debug|Any CPU
		{059B5837-2FB3-43B0-AB7F-470B44588009}.Release|Any CPU.ActiveCfg = Release|Any CPU
		{059B5837-2FB3-43B0-AB7F-470B44588009}.Release|Any CPU.Build.0 = Release|Any CPU
		{D1E0BEA0-D9BB-4330-9813-235FB8A447AF}.Debug|Any CPU.ActiveCfg = Debug|Any CPU
		{D1E0BEA0-D9BB-4330-9813-235FB8A447AF}.Debug|Any CPU.Build.0 = Debug|Any CPU
		{D1E0BEA0-D9BB-4330-9813-235FB8A447AF}.Release|Any CPU.ActiveCfg = Release|Any CPU
		{D1E0BEA0-D9BB-4330-9813-235FB8A447AF}.Release|Any CPU.Build.0 = Release|Any CPU
		{EDB1BAA7-EC61-4292-BBE5-3BC39EB171E4}.Debug|Any CPU.ActiveCfg = Debug|Any CPU
		{EDB1BAA7-EC61-4292-BBE5-3BC39EB171E4}.Debug|Any CPU.Build.0 = Debug|Any CPU
		{EDB1BAA7-EC61-4292-BBE5-3BC39EB171E4}.Release|Any CPU.ActiveCfg = Release|Any CPU
		{EDB1BAA7-EC61-4292-BBE5-3BC39EB171E4}.Release|Any CPU.Build.0 = Release|Any CPU
		{A1228125-F5C4-4001-AC7D-1ACCF1679828}.Debug|Any CPU.ActiveCfg = Debug|Any CPU
		{A1228125-F5C4-4001-AC7D-1ACCF1679828}.Debug|Any CPU.Build.0 = Debug|Any CPU
		{A1228125-F5C4-4001-AC7D-1ACCF1679828}.Release|Any CPU.ActiveCfg = Release|Any CPU
		{A1228125-F5C4-4001-AC7D-1ACCF1679828}.Release|Any CPU.Build.0 = Release|Any CPU
		{02422207-726E-498A-8FAE-848C78BBBF97}.Debug|Any CPU.ActiveCfg = Debug|Any CPU
		{02422207-726E-498A-8FAE-848C78BBBF97}.Debug|Any CPU.Build.0 = Debug|Any CPU
		{02422207-726E-498A-8FAE-848C78BBBF97}.Release|Any CPU.ActiveCfg = Release|Any CPU
		{02422207-726E-498A-8FAE-848C78BBBF97}.Release|Any CPU.Build.0 = Release|Any CPU
		{19C1529D-2F17-4100-A0BF-C905C909B568}.Debug|Any CPU.ActiveCfg = Debug|Any CPU
		{19C1529D-2F17-4100-A0BF-C905C909B568}.Debug|Any CPU.Build.0 = Debug|Any CPU
		{19C1529D-2F17-4100-A0BF-C905C909B568}.Release|Any CPU.ActiveCfg = Release|Any CPU
		{19C1529D-2F17-4100-A0BF-C905C909B568}.Release|Any CPU.Build.0 = Release|Any CPU
	EndGlobalSection
	GlobalSection(SolutionProperties) = preSolution
		HideSolutionNode = FALSE
	EndGlobalSection
	GlobalSection(NestedProjects) = preSolution
		{A333A4DA-7A52-4E32-B7CA-6ADC1990B09E} = {C25E055D-DBB5-4B7D-863C-40B12712B0CE}
		{C4A0DA07-F772-4EAE-8F7E-768EF2D801A4} = {C25E055D-DBB5-4B7D-863C-40B12712B0CE}
		{14E79FF7-4DBA-47A7-9BED-1D775FA93E43} = {C25E055D-DBB5-4B7D-863C-40B12712B0CE}
		{2E8362AE-80D6-43E0-B3BF-CAB6D888D154} = {63653A41-AD32-4004-8934-D02BFAB493FE}
		{AE0623C5-EF7D-4BAC-9E9C-3E37E81A57D2} = {C25E055D-DBB5-4B7D-863C-40B12712B0CE}
		{059B5837-2FB3-43B0-AB7F-470B44588009} = {C25E055D-DBB5-4B7D-863C-40B12712B0CE}
		{D1E0BEA0-D9BB-4330-9813-235FB8A447AF} = {C25E055D-DBB5-4B7D-863C-40B12712B0CE}
		{EDB1BAA7-EC61-4292-BBE5-3BC39EB171E4} = {63653A41-AD32-4004-8934-D02BFAB493FE}
		{A1228125-F5C4-4001-AC7D-1ACCF1679828} = {63653A41-AD32-4004-8934-D02BFAB493FE}
		{02422207-726E-498A-8FAE-848C78BBBF97} = {63653A41-AD32-4004-8934-D02BFAB493FE}
		{19C1529D-2F17-4100-A0BF-C905C909B568} = {63653A41-AD32-4004-8934-D02BFAB493FE}
	EndGlobalSection
	GlobalSection(ExtensibilityGlobals) = postSolution
		EnterpriseLibraryConfigurationToolBinariesPath = packages\Unity.2.1.505.2\lib\NET35
	EndGlobalSection
EndGlobal
